// !$*UTF8*$!
{
	archiveVersion = 1;
	classes = {
	};
	objectVersion = 77;
	objects = {

/* Begin PBXBuildFile section */
		07F81ED604B81A1CA7A075DA /* ZoomAnimatorTests.swift in Sources */ = {isa = PBXBuildFile; fileRef = 8607C40CDF69AFBDDCD6F2BD /* ZoomAnimatorTests.swift */; };
		15BA8702CEAE8675CF700157 /* RecordMeTests.swift in Sources */ = {isa = PBXBuildFile; fileRef = AEFA59427AF8C12527CC97C9 /* RecordMeTests.swift */; };
		15F70F5746B338BD44A0D85F /* MenuBarView.swift in Sources */ = {isa = PBXBuildFile; fileRef = 6026D6EFC9CCA9D2CB272B39 /* MenuBarView.swift */; };
		18C3F2DE4B99A216BE968FDA /* MarkerDetailView.swift in Sources */ = {isa = PBXBuildFile; fileRef = D0FCA19D9FF681886D7A1436 /* MarkerDetailView.swift */; };
		19BB7CBDA7E8ACAED3AABE85 /* Settings.swift in Sources */ = {isa = PBXBuildFile; fileRef = B4F3730E56088EAE9ABF44AE /* Settings.swift */; };
		1B0162055B5142EBB0A43D0C /* ZoomEngine.swift in Sources */ = {isa = PBXBuildFile; fileRef = F37A7CC98C45D36952F2DA2A /* ZoomEngine.swift */; };
		224DD631D21712B9187D29C8 /* ScreenCaptureManager.swift in Sources */ = {isa = PBXBuildFile; fileRef = 97EFDFFB23761292E3D50421 /* ScreenCaptureManager.swift */; };
		286E262FDD3D0E836AB72BA0 /* RecordMeApp.swift in Sources */ = {isa = PBXBuildFile; fileRef = F35E825A897E52B0E1E1ABCA /* RecordMeApp.swift */; };
		2968E853002C4A95A744CC99 /* EventLogTests.swift in Sources */ = {isa = PBXBuildFile; fileRef = C7E5546D86A776290A1631A2 /* EventLogTests.swift */; };
		2A3D514FD3837EFC7481077F /* HotkeyManager.swift in Sources */ = {isa = PBXBuildFile; fileRef = F9E92EECB8B0D1D96A57E9D0 /* HotkeyManager.swift */; };
		2A542B3232A6ADAC688BA555 /* PermissionsView.swift in Sources */ = {isa = PBXBuildFile; fileRef = 5E7CBF6A2F91C4A4B460D7F0 /* PermissionsView.swift */; };
		2CBCB51F5D7948505BBD4B02 /* AudioCaptureManager.swift in Sources */ = {isa = PBXBuildFile; fileRef = 3572F2F201AAF5D4DCEE2C36 /* AudioCaptureManager.swift */; };
		3E542E2FF6EC207E1EBF30C8 /* TimelineView.swift in Sources */ = {isa = PBXBuildFile; fileRef = 9C9922FE31CD1AE833E13EB0 /* TimelineView.swift */; };
		42748DE1B1271A00E9E49679 /* MetalContext.swift in Sources */ = {isa = PBXBuildFile; fileRef = 2AD1EE08726C2B381EFC43AE /* MetalContext.swift */; };
		552A18D6A674994BBBA6DD1F /* CaptureSourcePicker.swift in Sources */ = {isa = PBXBuildFile; fileRef = 9CCB2D194A9F47E84D967EDE /* CaptureSourcePicker.swift */; };
		6488781F63FA75AEABA74C76 /* VideoPreviewView.swift in Sources */ = {isa = PBXBuildFile; fileRef = 0789F319FA0D44B2E525A52E /* VideoPreviewView.swift */; };
		6D326823BDDBC6D9C980A3AC /* ZoomTimelineController.swift in Sources */ = {isa = PBXBuildFile; fileRef = FD794FC1422E3938C6F7A440 /* ZoomTimelineController.swift */; };
		72A6538F91F7BD7788F174B2 /* SettingsTests.swift in Sources */ = {isa = PBXBuildFile; fileRef = 21FD8EF0E0FB59CC7CA4D073 /* SettingsTests.swift */; };
		7A6411C0FF77A680E8ECCBD0 /* AppState.swift in Sources */ = {isa = PBXBuildFile; fileRef = 250890D24256292A2EB372AD /* AppState.swift */; };
		80E921B4879DF1B4EB516704 /* EventLog.swift in Sources */ = {isa = PBXBuildFile; fileRef = E95220530E6701B83D7E3D2C /* EventLog.swift */; };
		823BE18C03283B2F181B0E3E /* ZoomTransform.metal in Sources */ = {isa = PBXBuildFile; fileRef = EFB714F857717DDF7AD438A8 /* ZoomTransform.metal */; };
		96B36E10B768DE6C11F18F62 /* ExportPipeline.swift in Sources */ = {isa = PBXBuildFile; fileRef = 99D6AD0C8C2E8741800B5DB7 /* ExportPipeline.swift */; };
		9D39C683EB25DB4FBD0B6177 /* TypingDetector.swift in Sources */ = {isa = PBXBuildFile; fileRef = 2E014681A1127821BCD497D1 /* TypingDetector.swift */; };
		A94D67BF38069D44F9A1E6ED /* ZoomEngineTests.swift in Sources */ = {isa = PBXBuildFile; fileRef = A81080AE0FA40310964E6806 /* ZoomEngineTests.swift */; };
		AD537661FCDC78A6FA5022F5 /* ZoomModelTests.swift in Sources */ = {isa = PBXBuildFile; fileRef = 12BB98FB4A83E4C350E42DBD /* ZoomModelTests.swift */; };
		AF2062A2DABA35D2C21403CC /* EventLogger.swift in Sources */ = {isa = PBXBuildFile; fileRef = A9811544941AD9AB5D0AAF07 /* EventLogger.swift */; };
		BC500E9FB5F5B88913BB5E7B /* ReviewWindow.swift in Sources */ = {isa = PBXBuildFile; fileRef = F9CA22E8CA6B5D1A51A2E210 /* ReviewWindow.swift */; };
		BE06F7A3D1D5922FBC1AA465 /* ZoomRegion.swift in Sources */ = {isa = PBXBuildFile; fileRef = 2E191E94D0A0CF00179E1502 /* ZoomRegion.swift */; };
		C565F744D3453E65F33CED98 /* ZoomState.swift in Sources */ = {isa = PBXBuildFile; fileRef = 420C0E8ABA3EF8997DF4D107 /* ZoomState.swift */; };
		D4246281F1F4695431D11078 /* ExportPreset.swift in Sources */ = {isa = PBXBuildFile; fileRef = 25EE24DCFD60122D18E1D665 /* ExportPreset.swift */; };
		D8CC17384600CD4DBD7BDDCE /* TypingDetectorTests.swift in Sources */ = {isa = PBXBuildFile; fileRef = 451C9183B4676E1D8862A804 /* TypingDetectorTests.swift */; };
		DA768ECE4AC4B254DBC881B5 /* Permissions.swift in Sources */ = {isa = PBXBuildFile; fileRef = 86CBEDC5F0A1ABC8A6FAEB96 /* Permissions.swift */; };
		ECD7643E3EC195840182413A /* ZoomAnimator.swift in Sources */ = {isa = PBXBuildFile; fileRef = B88B814FE0283CC083C85812 /* ZoomAnimator.swift */; };
		F7818A1E9B4942B4DD8BA5F5 /* MetalZoomRenderer.swift in Sources */ = {isa = PBXBuildFile; fileRef = 4812A7223D6D17E44DA3F388 /* MetalZoomRenderer.swift */; };
/* End PBXBuildFile section */

/* Begin PBXContainerItemProxy section */
		88C0A290BB5CB53189DBE9CD /* PBXContainerItemProxy */ = {
			isa = PBXContainerItemProxy;
			containerPortal = 3A47954A9E4315A9D6C15EEA /* Project object */;
			proxyType = 1;
			remoteGlobalIDString = 0A5EA93458D40FEB4C0836A6;
			remoteInfo = RecordMe;
		};
/* End PBXContainerItemProxy section */

/* Begin PBXFileReference section */
		0789F319FA0D44B2E525A52E /* VideoPreviewView.swift */ = {isa = PBXFileReference; lastKnownFileType = sourcecode.swift; path = VideoPreviewView.swift; sourceTree = "<group>"; };
		12BB98FB4A83E4C350E42DBD /* ZoomModelTests.swift */ = {isa = PBXFileReference; lastKnownFileType = sourcecode.swift; path = ZoomModelTests.swift; sourceTree = "<group>"; };
		21FD8EF0E0FB59CC7CA4D073 /* SettingsTests.swift */ = {isa = PBXFileReference; lastKnownFileType = sourcecode.swift; path = SettingsTests.swift; sourceTree = "<group>"; };
		250890D24256292A2EB372AD /* AppState.swift */ = {isa = PBXFileReference; lastKnownFileType = sourcecode.swift; path = AppState.swift; sourceTree = "<group>"; };
		25EE24DCFD60122D18E1D665 /* ExportPreset.swift */ = {isa = PBXFileReference; lastKnownFileType = sourcecode.swift; path = ExportPreset.swift; sourceTree = "<group>"; };
		2AD1EE08726C2B381EFC43AE /* MetalContext.swift */ = {isa = PBXFileReference; lastKnownFileType = sourcecode.swift; path = MetalContext.swift; sourceTree = "<group>"; };
		2E014681A1127821BCD497D1 /* TypingDetector.swift */ = {isa = PBXFileReference; lastKnownFileType = sourcecode.swift; path = TypingDetector.swift; sourceTree = "<group>"; };
		2E191E94D0A0CF00179E1502 /* ZoomRegion.swift */ = {isa = PBXFileReference; lastKnownFileType = sourcecode.swift; path = ZoomRegion.swift; sourceTree = "<group>"; };
		3572F2F201AAF5D4DCEE2C36 /* AudioCaptureManager.swift */ = {isa = PBXFileReference; lastKnownFileType = sourcecode.swift; path = AudioCaptureManager.swift; sourceTree = "<group>"; };
		420C0E8ABA3EF8997DF4D107 /* ZoomState.swift */ = {isa = PBXFileReference; lastKnownFileType = sourcecode.swift; path = ZoomState.swift; sourceTree = "<group>"; };
		451C9183B4676E1D8862A804 /* TypingDetectorTests.swift */ = {isa = PBXFileReference; lastKnownFileType = sourcecode.swift; path = TypingDetectorTests.swift; sourceTree = "<group>"; };
		4812A7223D6D17E44DA3F388 /* MetalZoomRenderer.swift */ = {isa = PBXFileReference; lastKnownFileType = sourcecode.swift; path = MetalZoomRenderer.swift; sourceTree = "<group>"; };
		5E7CBF6A2F91C4A4B460D7F0 /* PermissionsView.swift */ = {isa = PBXFileReference; lastKnownFileType = sourcecode.swift; path = PermissionsView.swift; sourceTree = "<group>"; };
		6026D6EFC9CCA9D2CB272B39 /* MenuBarView.swift */ = {isa = PBXFileReference; lastKnownFileType = sourcecode.swift; path = MenuBarView.swift; sourceTree = "<group>"; };
		8607C40CDF69AFBDDCD6F2BD /* ZoomAnimatorTests.swift */ = {isa = PBXFileReference; lastKnownFileType = sourcecode.swift; path = ZoomAnimatorTests.swift; sourceTree = "<group>"; };
		86CBEDC5F0A1ABC8A6FAEB96 /* Permissions.swift */ = {isa = PBXFileReference; lastKnownFileType = sourcecode.swift; path = Permissions.swift; sourceTree = "<group>"; };
		97EFDFFB23761292E3D50421 /* ScreenCaptureManager.swift */ = {isa = PBXFileReference; lastKnownFileType = sourcecode.swift; path = ScreenCaptureManager.swift; sourceTree = "<group>"; };
		995497C1881D5EA638804E7A /* RecordMeTests.xctest */ = {isa = PBXFileReference; explicitFileType = wrapper.cfbundle; includeInIndex = 0; path = RecordMeTests.xctest; sourceTree = BUILT_PRODUCTS_DIR; };
		99D6AD0C8C2E8741800B5DB7 /* ExportPipeline.swift */ = {isa = PBXFileReference; lastKnownFileType = sourcecode.swift; path = ExportPipeline.swift; sourceTree = "<group>"; };
		9C9922FE31CD1AE833E13EB0 /* TimelineView.swift */ = {isa = PBXFileReference; lastKnownFileType = sourcecode.swift; path = TimelineView.swift; sourceTree = "<group>"; };
		9CCB2D194A9F47E84D967EDE /* CaptureSourcePicker.swift */ = {isa = PBXFileReference; lastKnownFileType = sourcecode.swift; path = CaptureSourcePicker.swift; sourceTree = "<group>"; };
		A81080AE0FA40310964E6806 /* ZoomEngineTests.swift */ = {isa = PBXFileReference; lastKnownFileType = sourcecode.swift; path = ZoomEngineTests.swift; sourceTree = "<group>"; };
		A9811544941AD9AB5D0AAF07 /* EventLogger.swift */ = {isa = PBXFileReference; lastKnownFileType = sourcecode.swift; path = EventLogger.swift; sourceTree = "<group>"; };
		AC678D1FEFE0F516F0A856F3 /* RecordMe.app */ = {isa = PBXFileReference; explicitFileType = wrapper.application; includeInIndex = 0; path = RecordMe.app; sourceTree = BUILT_PRODUCTS_DIR; };
		AEFA59427AF8C12527CC97C9 /* RecordMeTests.swift */ = {isa = PBXFileReference; lastKnownFileType = sourcecode.swift; path = RecordMeTests.swift; sourceTree = "<group>"; };
		B4F3730E56088EAE9ABF44AE /* Settings.swift */ = {isa = PBXFileReference; lastKnownFileType = sourcecode.swift; path = Settings.swift; sourceTree = "<group>"; };
		B88B814FE0283CC083C85812 /* ZoomAnimator.swift */ = {isa = PBXFileReference; lastKnownFileType = sourcecode.swift; path = ZoomAnimator.swift; sourceTree = "<group>"; };
		BF2F223C6CE38A4779A89047 /* RecordMe.entitlements */ = {isa = PBXFileReference; lastKnownFileType = text.plist.entitlements; path = RecordMe.entitlements; sourceTree = "<group>"; };
		C7E5546D86A776290A1631A2 /* EventLogTests.swift */ = {isa = PBXFileReference; lastKnownFileType = sourcecode.swift; path = EventLogTests.swift; sourceTree = "<group>"; };
		CABB6C0F88805AB8F24306CD /* Info.plist */ = {isa = PBXFileReference; lastKnownFileType = text.plist; path = Info.plist; sourceTree = "<group>"; };
		D0FCA19D9FF681886D7A1436 /* MarkerDetailView.swift */ = {isa = PBXFileReference; lastKnownFileType = sourcecode.swift; path = MarkerDetailView.swift; sourceTree = "<group>"; };
		E95220530E6701B83D7E3D2C /* EventLog.swift */ = {isa = PBXFileReference; lastKnownFileType = sourcecode.swift; path = EventLog.swift; sourceTree = "<group>"; };
		EFB714F857717DDF7AD438A8 /* ZoomTransform.metal */ = {isa = PBXFileReference; lastKnownFileType = sourcecode.metal; path = ZoomTransform.metal; sourceTree = "<group>"; };
		F35E825A897E52B0E1E1ABCA /* RecordMeApp.swift */ = {isa = PBXFileReference; lastKnownFileType = sourcecode.swift; path = RecordMeApp.swift; sourceTree = "<group>"; };
		F37A7CC98C45D36952F2DA2A /* ZoomEngine.swift */ = {isa = PBXFileReference; lastKnownFileType = sourcecode.swift; path = ZoomEngine.swift; sourceTree = "<group>"; };
		F9CA22E8CA6B5D1A51A2E210 /* ReviewWindow.swift */ = {isa = PBXFileReference; lastKnownFileType = sourcecode.swift; path = ReviewWindow.swift; sourceTree = "<group>"; };
		F9E92EECB8B0D1D96A57E9D0 /* HotkeyManager.swift */ = {isa = PBXFileReference; lastKnownFileType = sourcecode.swift; path = HotkeyManager.swift; sourceTree = "<group>"; };
		FD794FC1422E3938C6F7A440 /* ZoomTimelineController.swift */ = {isa = PBXFileReference; lastKnownFileType = sourcecode.swift; path = ZoomTimelineController.swift; sourceTree = "<group>"; };
/* End PBXFileReference section */

/* Begin PBXGroup section */
		00651DABB5D211DA06DF6202 /* Review */ = {
			isa = PBXGroup;
			children = (
				D0FCA19D9FF681886D7A1436 /* MarkerDetailView.swift */,
				F9CA22E8CA6B5D1A51A2E210 /* ReviewWindow.swift */,
				9C9922FE31CD1AE833E13EB0 /* TimelineView.swift */,
				0789F319FA0D44B2E525A52E /* VideoPreviewView.swift */,
				FD794FC1422E3938C6F7A440 /* ZoomTimelineController.swift */,
			);
			path = Review;
			sourceTree = "<group>";
		};
		0864FBF94C30BF9381CD2EE9 /* Capture */ = {
			isa = PBXGroup;
			children = (
				3572F2F201AAF5D4DCEE2C36 /* AudioCaptureManager.swift */,
				9CCB2D194A9F47E84D967EDE /* CaptureSourcePicker.swift */,
				E95220530E6701B83D7E3D2C /* EventLog.swift */,
				A9811544941AD9AB5D0AAF07 /* EventLogger.swift */,
				97EFDFFB23761292E3D50421 /* ScreenCaptureManager.swift */,
			);
			path = Capture;
			sourceTree = "<group>";
		};
		286292B4FB98026D249908E6 /* RecordMe */ = {
			isa = PBXGroup;
			children = (
				CABB6C0F88805AB8F24306CD /* Info.plist */,
				BF2F223C6CE38A4779A89047 /* RecordMe.entitlements */,
				8DAB9794B2A2FFBA9549D8A8 /* App */,
				0864FBF94C30BF9381CD2EE9 /* Capture */,
				F4C1BF1A8FC134F6F5EECBDF /* Export */,
				57EFC1306C13192BC7E0383F /* Metal */,
				00651DABB5D211DA06DF6202 /* Review */,
				2AD8C6178BED7825BB7B8310 /* Utils */,
				827E6D78F3226FB0BE7AC564 /* Zoom */,
			);
			path = RecordMe;
			sourceTree = "<group>";
		};
		2AD8C6178BED7825BB7B8310 /* Utils */ = {
			isa = PBXGroup;
			children = (
				F9E92EECB8B0D1D96A57E9D0 /* HotkeyManager.swift */,
				86CBEDC5F0A1ABC8A6FAEB96 /* Permissions.swift */,
				B4F3730E56088EAE9ABF44AE /* Settings.swift */,
			);
			path = Utils;
			sourceTree = "<group>";
		};
		56930312F43BE167FB9EC43B /* RecordMeTests */ = {
			isa = PBXGroup;
			children = (
				C7E5546D86A776290A1631A2 /* EventLogTests.swift */,
				AEFA59427AF8C12527CC97C9 /* RecordMeTests.swift */,
				21FD8EF0E0FB59CC7CA4D073 /* SettingsTests.swift */,
				451C9183B4676E1D8862A804 /* TypingDetectorTests.swift */,
				8607C40CDF69AFBDDCD6F2BD /* ZoomAnimatorTests.swift */,
				A81080AE0FA40310964E6806 /* ZoomEngineTests.swift */,
				12BB98FB4A83E4C350E42DBD /* ZoomModelTests.swift */,
			);
			path = RecordMeTests;
			sourceTree = "<group>";
		};
		57EFC1306C13192BC7E0383F /* Metal */ = {
			isa = PBXGroup;
			children = (
				2AD1EE08726C2B381EFC43AE /* MetalContext.swift */,
				EFB714F857717DDF7AD438A8 /* ZoomTransform.metal */,
			);
			path = Metal;
			sourceTree = "<group>";
		};
		827E6D78F3226FB0BE7AC564 /* Zoom */ = {
			isa = PBXGroup;
			children = (
				2E014681A1127821BCD497D1 /* TypingDetector.swift */,
				B88B814FE0283CC083C85812 /* ZoomAnimator.swift */,
				F37A7CC98C45D36952F2DA2A /* ZoomEngine.swift */,
				2E191E94D0A0CF00179E1502 /* ZoomRegion.swift */,
				420C0E8ABA3EF8997DF4D107 /* ZoomState.swift */,
			);
			path = Zoom;
			sourceTree = "<group>";
		};
		8DAB9794B2A2FFBA9549D8A8 /* App */ = {
			isa = PBXGroup;
			children = (
				250890D24256292A2EB372AD /* AppState.swift */,
				6026D6EFC9CCA9D2CB272B39 /* MenuBarView.swift */,
				5E7CBF6A2F91C4A4B460D7F0 /* PermissionsView.swift */,
				F35E825A897E52B0E1E1ABCA /* RecordMeApp.swift */,
			);
			path = App;
			sourceTree = "<group>";
		};
		E50BE2F469743F2C52DE6516 = {
			isa = PBXGroup;
			children = (
				286292B4FB98026D249908E6 /* RecordMe */,
				56930312F43BE167FB9EC43B /* RecordMeTests */,
				F212AC9D0E7FE75337BE1486 /* Products */,
			);
			sourceTree = "<group>";
		};
		F212AC9D0E7FE75337BE1486 /* Products */ = {
			isa = PBXGroup;
			children = (
				AC678D1FEFE0F516F0A856F3 /* RecordMe.app */,
				995497C1881D5EA638804E7A /* RecordMeTests.xctest */,
			);
			name = Products;
			sourceTree = "<group>";
		};
		F4C1BF1A8FC134F6F5EECBDF /* Export */ = {
			isa = PBXGroup;
			children = (
				99D6AD0C8C2E8741800B5DB7 /* ExportPipeline.swift */,
				25EE24DCFD60122D18E1D665 /* ExportPreset.swift */,
				4812A7223D6D17E44DA3F388 /* MetalZoomRenderer.swift */,
			);
			path = Export;
			sourceTree = "<group>";
		};
/* End PBXGroup section */

/* Begin PBXNativeTarget section */
		0A5EA93458D40FEB4C0836A6 /* RecordMe */ = {
			isa = PBXNativeTarget;
			buildConfigurationList = E150D18E73897209E9EC66AC /* Build configuration list for PBXNativeTarget "RecordMe" */;
			buildPhases = (
				A27E25C426EC46D2EB66BA26 /* Sources */,
			);
			buildRules = (
			);
			dependencies = (
			);
			name = RecordMe;
			packageProductDependencies = (
			);
			productName = RecordMe;
			productReference = AC678D1FEFE0F516F0A856F3 /* RecordMe.app */;
			productType = "com.apple.product-type.application";
		};
		DC682F5E1764391EFD94AEBB /* RecordMeTests */ = {
			isa = PBXNativeTarget;
			buildConfigurationList = 2C0184C4DB42EE3ACBB72C89 /* Build configuration list for PBXNativeTarget "RecordMeTests" */;
			buildPhases = (
				4C38B4BF35F78CFC85B0BC42 /* Sources */,
			);
			buildRules = (
			);
			dependencies = (
				0EBD4765B7CB45E49E1F0D86 /* PBXTargetDependency */,
			);
			name = RecordMeTests;
			packageProductDependencies = (
			);
			productName = RecordMeTests;
			productReference = 995497C1881D5EA638804E7A /* RecordMeTests.xctest */;
			productType = "com.apple.product-type.bundle.unit-test";
		};
/* End PBXNativeTarget section */

/* Begin PBXProject section */
		3A47954A9E4315A9D6C15EEA /* Project object */ = {
			isa = PBXProject;
			attributes = {
				BuildIndependentTargetsInParallel = YES;
				LastUpgradeCheck = 1500;
				TargetAttributes = {
				};
			};
			buildConfigurationList = 9001E347108275F53076F20A /* Build configuration list for PBXProject "RecordMe" */;
			developmentRegion = en;
			hasScannedForEncodings = 0;
			knownRegions = (
				Base,
				en,
			);
			mainGroup = E50BE2F469743F2C52DE6516;
			minimizedProjectReferenceProxies = 1;
			preferredProjectObjectVersion = 77;
			productRefGroup = F212AC9D0E7FE75337BE1486 /* Products */;
			projectDirPath = "";
			projectRoot = "";
			targets = (
				0A5EA93458D40FEB4C0836A6 /* RecordMe */,
				DC682F5E1764391EFD94AEBB /* RecordMeTests */,
			);
		};
/* End PBXProject section */

/* Begin PBXSourcesBuildPhase section */
		4C38B4BF35F78CFC85B0BC42 /* Sources */ = {
			isa = PBXSourcesBuildPhase;
			buildActionMask = 2147483647;
			files = (
				2968E853002C4A95A744CC99 /* EventLogTests.swift in Sources */,
				15BA8702CEAE8675CF700157 /* RecordMeTests.swift in Sources */,
				72A6538F91F7BD7788F174B2 /* SettingsTests.swift in Sources */,
				D8CC17384600CD4DBD7BDDCE /* TypingDetectorTests.swift in Sources */,
				07F81ED604B81A1CA7A075DA /* ZoomAnimatorTests.swift in Sources */,
				A94D67BF38069D44F9A1E6ED /* ZoomEngineTests.swift in Sources */,
				AD537661FCDC78A6FA5022F5 /* ZoomModelTests.swift in Sources */,
			);
			runOnlyForDeploymentPostprocessing = 0;
		};
		A27E25C426EC46D2EB66BA26 /* Sources */ = {
			isa = PBXSourcesBuildPhase;
			buildActionMask = 2147483647;
			files = (
				7A6411C0FF77A680E8ECCBD0 /* AppState.swift in Sources */,
				2CBCB51F5D7948505BBD4B02 /* AudioCaptureManager.swift in Sources */,
				552A18D6A674994BBBA6DD1F /* CaptureSourcePicker.swift in Sources */,
				80E921B4879DF1B4EB516704 /* EventLog.swift in Sources */,
				AF2062A2DABA35D2C21403CC /* EventLogger.swift in Sources */,
				96B36E10B768DE6C11F18F62 /* ExportPipeline.swift in Sources */,
				D4246281F1F4695431D11078 /* ExportPreset.swift in Sources */,
				2A3D514FD3837EFC7481077F /* HotkeyManager.swift in Sources */,
				18C3F2DE4B99A216BE968FDA /* MarkerDetailView.swift in Sources */,
				15F70F5746B338BD44A0D85F /* MenuBarView.swift in Sources */,
				42748DE1B1271A00E9E49679 /* MetalContext.swift in Sources */,
				F7818A1E9B4942B4DD8BA5F5 /* MetalZoomRenderer.swift in Sources */,
				DA768ECE4AC4B254DBC881B5 /* Permissions.swift in Sources */,
				2A542B3232A6ADAC688BA555 /* PermissionsView.swift in Sources */,
				286E262FDD3D0E836AB72BA0 /* RecordMeApp.swift in Sources */,
				BC500E9FB5F5B88913BB5E7B /* ReviewWindow.swift in Sources */,
				224DD631D21712B9187D29C8 /* ScreenCaptureManager.swift in Sources */,
				19BB7CBDA7E8ACAED3AABE85 /* Settings.swift in Sources */,
				3E542E2FF6EC207E1EBF30C8 /* TimelineView.swift in Sources */,
				9D39C683EB25DB4FBD0B6177 /* TypingDetector.swift in Sources */,
				6488781F63FA75AEABA74C76 /* VideoPreviewView.swift in Sources */,
				ECD7643E3EC195840182413A /* ZoomAnimator.swift in Sources */,
				1B0162055B5142EBB0A43D0C /* ZoomEngine.swift in Sources */,
				BE06F7A3D1D5922FBC1AA465 /* ZoomRegion.swift in Sources */,
				C565F744D3453E65F33CED98 /* ZoomState.swift in Sources */,
				6D326823BDDBC6D9C980A3AC /* ZoomTimelineController.swift in Sources */,
				823BE18C03283B2F181B0E3E /* ZoomTransform.metal in Sources */,
			);
			runOnlyForDeploymentPostprocessing = 0;
		};
/* End PBXSourcesBuildPhase section */

/* Begin PBXTargetDependency section */
		0EBD4765B7CB45E49E1F0D86 /* PBXTargetDependency */ = {
			isa = PBXTargetDependency;
			target = 0A5EA93458D40FEB4C0836A6 /* RecordMe */;
			targetProxy = 88C0A290BB5CB53189DBE9CD /* PBXContainerItemProxy */;
		};
/* End PBXTargetDependency section */

/* Begin XCBuildConfiguration section */
		1057B1CFDED35C9067B7E843 /* Debug */ = {
			isa = XCBuildConfiguration;
			buildSettings = {
				ALWAYS_SEARCH_USER_PATHS = NO;
				CLANG_ANALYZER_NONNULL = YES;
				CLANG_ANALYZER_NUMBER_OBJECT_CONVERSION = YES_AGGRESSIVE;
				CLANG_CXX_LANGUAGE_STANDARD = "gnu++14";
				CLANG_CXX_LIBRARY = "libc++";
				CLANG_ENABLE_MODULES = YES;
				CLANG_ENABLE_OBJC_ARC = YES;
				CLANG_ENABLE_OBJC_WEAK = YES;
				CLANG_WARN_BLOCK_CAPTURE_AUTORELEASING = YES;
				CLANG_WARN_BOOL_CONVERSION = YES;
				CLANG_WARN_COMMA = YES;
				CLANG_WARN_CONSTANT_CONVERSION = YES;
				CLANG_WARN_DEPRECATED_OBJC_IMPLEMENTATIONS = YES;
				CLANG_WARN_DIRECT_OBJC_ISA_USAGE = YES_ERROR;
				CLANG_WARN_DOCUMENTATION_COMMENTS = YES;
				CLANG_WARN_EMPTY_BODY = YES;
				CLANG_WARN_ENUM_CONVERSION = YES;
				CLANG_WARN_INFINITE_RECURSION = YES;
				CLANG_WARN_INT_CONVERSION = YES;
				CLANG_WARN_NON_LITERAL_NULL_CONVERSION = YES;
				CLANG_WARN_OBJC_IMPLICIT_RETAIN_SELF = YES;
				CLANG_WARN_OBJC_LITERAL_CONVERSION = YES;
				CLANG_WARN_OBJC_ROOT_CLASS = YES_ERROR;
				CLANG_WARN_QUOTED_INCLUDE_IN_FRAMEWORK_HEADER = YES;
				CLANG_WARN_RANGE_LOOP_ANALYSIS = YES;
				CLANG_WARN_STRICT_PROTOTYPES = YES;
				CLANG_WARN_SUSPICIOUS_MOVE = YES;
				CLANG_WARN_UNGUARDED_AVAILABILITY = YES_AGGRESSIVE;
				CLANG_WARN_UNREACHABLE_CODE = YES;
				CLANG_WARN__DUPLICATE_METHOD_MATCH = YES;
				COPY_PHASE_STRIP = NO;
				DEBUG_INFORMATION_FORMAT = dwarf;
				ENABLE_STRICT_OBJC_MSGSEND = YES;
				ENABLE_TESTABILITY = YES;
				GCC_C_LANGUAGE_STANDARD = gnu11;
				GCC_DYNAMIC_NO_PIC = NO;
				GCC_NO_COMMON_BLOCKS = YES;
				GCC_OPTIMIZATION_LEVEL = 0;
				GCC_PREPROCESSOR_DEFINITIONS = (
					"$(inherited)",
					"DEBUG=1",
				);
				GCC_WARN_64_TO_32_BIT_CONVERSION = YES;
				GCC_WARN_ABOUT_RETURN_TYPE = YES_ERROR;
				GCC_WARN_UNDECLARED_SELECTOR = YES;
				GCC_WARN_UNINITIALIZED_AUTOS = YES_AGGRESSIVE;
				GCC_WARN_UNUSED_FUNCTION = YES;
				GCC_WARN_UNUSED_VARIABLE = YES;
				MACOSX_DEPLOYMENT_TARGET = 13.0;
				MTL_ENABLE_DEBUG_INFO = INCLUDE_SOURCE;
				MTL_FAST_MATH = YES;
				ONLY_ACTIVE_ARCH = YES;
				PRODUCT_NAME = "$(TARGET_NAME)";
				SDKROOT = macosx;
				SWIFT_ACTIVE_COMPILATION_CONDITIONS = DEBUG;
				SWIFT_OPTIMIZATION_LEVEL = "-Onone";
				SWIFT_VERSION = 5.0;
			};
			name = Debug;
		};
		838520C9986ED02FD6B8AA2F /* Debug */ = {
			isa = XCBuildConfiguration;
			buildSettings = {
				ASSETCATALOG_COMPILER_APPICON_NAME = AppIcon;
				CODE_SIGN_ENTITLEMENTS = RecordMe/RecordMe.entitlements;
				COMBINE_HIDPI_IMAGES = YES;
				INFOPLIST_FILE = RecordMe/Info.plist;
				LD_RUNPATH_SEARCH_PATHS = (
					"$(inherited)",
					"@executable_path/../Frameworks",
				);
				MACOSX_DEPLOYMENT_TARGET = 13.0;
				PRODUCT_BUNDLE_IDENTIFIER = com.recordme.app;
				SDKROOT = macosx;
				SWIFT_VERSION = 5.9;
			};
			name = Debug;
		};
		93E5DF05945BA5AC192D6357 /* Debug */ = {
			isa = XCBuildConfiguration;
			buildSettings = {
				BUNDLE_LOADER = "$(TEST_HOST)";
				COMBINE_HIDPI_IMAGES = YES;
				GENERATE_INFOPLIST_FILE = YES;
				LD_RUNPATH_SEARCH_PATHS = (
					"$(inherited)",
					"@executable_path/../Frameworks",
					"@loader_path/../Frameworks",
				);
				PRODUCT_BUNDLE_IDENTIFIER = com.recordme.tests;
				SDKROOT = macosx;
				TEST_HOST = "$(BUILT_PRODUCTS_DIR)/RecordMe.app/Contents/MacOS/RecordMe";
			};
			name = Debug;
		};
		C1B1E72B32D938F916D13B23 /* Release */ = {
			isa = XCBuildConfiguration;
			buildSettings = {
				BUNDLE_LOADER = "$(TEST_HOST)";
				COMBINE_HIDPI_IMAGES = YES;
				GENERATE_INFOPLIST_FILE = YES;
				LD_RUNPATH_SEARCH_PATHS = (
					"$(inherited)",
					"@executable_path/../Frameworks",
					"@loader_path/../Frameworks",
				);
				PRODUCT_BUNDLE_IDENTIFIER = com.recordme.tests;
				SDKROOT = macosx;
				TEST_HOST = "$(BUILT_PRODUCTS_DIR)/RecordMe.app/Contents/MacOS/RecordMe";
			};
			name = Release;
		};
		F345D6277E0310627FE78D68 /* Release */ = {
			isa = XCBuildConfiguration;
			buildSettings = {
				ALWAYS_SEARCH_USER_PATHS = NO;
				CLANG_ANALYZER_NONNULL = YES;
				CLANG_ANALYZER_NUMBER_OBJECT_CONVERSION = YES_AGGRESSIVE;
				CLANG_CXX_LANGUAGE_STANDARD = "gnu++14";
				CLANG_CXX_LIBRARY = "libc++";
				CLANG_ENABLE_MODULES = YES;
				CLANG_ENABLE_OBJC_ARC = YES;
				CLANG_ENABLE_OBJC_WEAK = YES;
				CLANG_WARN_BLOCK_CAPTURE_AUTORELEASING = YES;
				CLANG_WARN_BOOL_CONVERSION = YES;
				CLANG_WARN_COMMA = YES;
				CLANG_WARN_CONSTANT_CONVERSION = YES;
				CLANG_WARN_DEPRECATED_OBJC_IMPLEMENTATIONS = YES;
				CLANG_WARN_DIRECT_OBJC_ISA_USAGE = YES_ERROR;
				CLANG_WARN_DOCUMENTATION_COMMENTS = YES;
				CLANG_WARN_EMPTY_BODY = YES;
				CLANG_WARN_ENUM_CONVERSION = YES;
				CLANG_WARN_INFINITE_RECURSION = YES;
				CLANG_WARN_INT_CONVERSION = YES;
				CLANG_WARN_NON_LITERAL_NULL_CONVERSION = YES;
				CLANG_WARN_OBJC_IMPLICIT_RETAIN_SELF = YES;
				CLANG_WARN_OBJC_LITERAL_CONVERSION = YES;
				CLANG_WARN_OBJC_ROOT_CLASS = YES_ERROR;
				CLANG_WARN_QUOTED_INCLUDE_IN_FRAMEWORK_HEADER = YES;
				CLANG_WARN_RANGE_LOOP_ANALYSIS = YES;
				CLANG_WARN_STRICT_PROTOTYPES = YES;
				CLANG_WARN_SUSPICIOUS_MOVE = YES;
				CLANG_WARN_UNGUARDED_AVAILABILITY = YES_AGGRESSIVE;
				CLANG_WARN_UNREACHABLE_CODE = YES;
				CLANG_WARN__DUPLICATE_METHOD_MATCH = YES;
				COPY_PHASE_STRIP = NO;
				DEBUG_INFORMATION_FORMAT = "dwarf-with-dsym";
				ENABLE_NS_ASSERTIONS = NO;
				ENABLE_STRICT_OBJC_MSGSEND = YES;
				GCC_C_LANGUAGE_STANDARD = gnu11;
				GCC_NO_COMMON_BLOCKS = YES;
				GCC_WARN_64_TO_32_BIT_CONVERSION = YES;
				GCC_WARN_ABOUT_RETURN_TYPE = YES_ERROR;
				GCC_WARN_UNDECLARED_SELECTOR = YES;
				GCC_WARN_UNINITIALIZED_AUTOS = YES_AGGRESSIVE;
				GCC_WARN_UNUSED_FUNCTION = YES;
				GCC_WARN_UNUSED_VARIABLE = YES;
				MACOSX_DEPLOYMENT_TARGET = 13.0;
				MTL_ENABLE_DEBUG_INFO = NO;
				MTL_FAST_MATH = YES;
				PRODUCT_NAME = "$(TARGET_NAME)";
				SDKROOT = macosx;
				SWIFT_COMPILATION_MODE = wholemodule;
				SWIFT_OPTIMIZATION_LEVEL = "-O";
				SWIFT_VERSION = 5.0;
			};
			name = Release;
		};
		F394E7870BCF0CEA87062B5A /* Release */ = {
			isa = XCBuildConfiguration;
			buildSettings = {
				ASSETCATALOG_COMPILER_APPICON_NAME = AppIcon;
				CODE_SIGN_ENTITLEMENTS = RecordMe/RecordMe.entitlements;
				COMBINE_HIDPI_IMAGES = YES;
				INFOPLIST_FILE = RecordMe/Info.plist;
				LD_RUNPATH_SEARCH_PATHS = (
					"$(inherited)",
					"@executable_path/../Frameworks",
				);
				MACOSX_DEPLOYMENT_TARGET = 13.0;
				PRODUCT_BUNDLE_IDENTIFIER = com.recordme.app;
				SDKROOT = macosx;
				SWIFT_VERSION = 5.9;
			};
			name = Release;
		};
/* End XCBuildConfiguration section */

/* Begin XCConfigurationList section */
		2C0184C4DB42EE3ACBB72C89 /* Build configuration list for PBXNativeTarget "RecordMeTests" */ = {
			isa = XCConfigurationList;
			buildConfigurations = (
				93E5DF05945BA5AC192D6357 /* Debug */,
				C1B1E72B32D938F916D13B23 /* Release */,
			);
			defaultConfigurationIsVisible = 0;
			defaultConfigurationName = Debug;
		};
		9001E347108275F53076F20A /* Build configuration list for PBXProject "RecordMe" */ = {
			isa = XCConfigurationList;
			buildConfigurations = (
				1057B1CFDED35C9067B7E843 /* Debug */,
				F345D6277E0310627FE78D68 /* Release */,
			);
			defaultConfigurationIsVisible = 0;
			defaultConfigurationName = Debug;
		};
		E150D18E73897209E9EC66AC /* Build configuration list for PBXNativeTarget "RecordMe" */ = {
			isa = XCConfigurationList;
			buildConfigurations = (
				838520C9986ED02FD6B8AA2F /* Debug */,
				F394E7870BCF0CEA87062B5A /* Release */,
			);
			defaultConfigurationIsVisible = 0;
			defaultConfigurationName = Debug;
		};
/* End XCConfigurationList section */
	};
	rootObject = 3A47954A9E4315A9D6C15EEA /* Project object */;
}
